// !$*UTF8*$!
{
	archiveVersion = 1;
	classes = {
	};
	objectVersion = 51;
	objects = {

/* Begin PBXBuildFile section */
		431258A9266FACAC00D88AF3 /* AppDelegate.swift in Sources */ = {isa = PBXBuildFile; fileRef = 431258A8266FACAC00D88AF3 /* AppDelegate.swift */; };
		431258AB266FACAC00D88AF3 /* SceneDelegate.swift in Sources */ = {isa = PBXBuildFile; fileRef = 431258AA266FACAC00D88AF3 /* SceneDelegate.swift */; };
		431258AD266FACAC00D88AF3 /* SearchPhotoViewController.swift in Sources */ = {isa = PBXBuildFile; fileRef = 431258AC266FACAC00D88AF3 /* SearchPhotoViewController.swift */; };
		431258B2266FACB000D88AF3 /* Assets.xcassets in Resources */ = {isa = PBXBuildFile; fileRef = 431258B1266FACB000D88AF3 /* Assets.xcassets */; };
		431258B5266FACB000D88AF3 /* LaunchScreen.storyboard in Resources */ = {isa = PBXBuildFile; fileRef = 431258B3266FACB000D88AF3 /* LaunchScreen.storyboard */; };
		431258C2266FAF1200D88AF3 /* NetworkManager.swift in Sources */ = {isa = PBXBuildFile; fileRef = 431258C1266FAF1200D88AF3 /* NetworkManager.swift */; };
		431258C5266FAFB300D88AF3 /* Photo.swift in Sources */ = {isa = PBXBuildFile; fileRef = 431258C4266FAFB300D88AF3 /* Photo.swift */; };
		431258C9266FB03E00D88AF3 /* APIKey.swift in Sources */ = {isa = PBXBuildFile; fileRef = 431258C8266FB03E00D88AF3 /* APIKey.swift */; };
		431258CD266FB1CD00D88AF3 /* SearchPhotoPresenter.swift in Sources */ = {isa = PBXBuildFile; fileRef = 431258CC266FB1CD00D88AF3 /* SearchPhotoPresenter.swift */; };
		439C30EF2674F11D000999BD /* RandomPhotoViewController.swift in Sources */ = {isa = PBXBuildFile; fileRef = 439C30EE2674F11D000999BD /* RandomPhotoViewController.swift */; };
		439C30F22674F374000999BD /* RandomPhotoPresenter.swift in Sources */ = {isa = PBXBuildFile; fileRef = 439C30F12674F374000999BD /* RandomPhotoPresenter.swift */; };
		43E82F7D2670B76700BA94A8 /* ImageCollectionViewCell.swift in Sources */ = {isa = PBXBuildFile; fileRef = 43E82F7C2670B76700BA94A8 /* ImageCollectionViewCell.swift */; };
		43E82F812670BEE400BA94A8 /* CustomErrors.swift in Sources */ = {isa = PBXBuildFile; fileRef = 43E82F802670BEE400BA94A8 /* CustomErrors.swift */; };
		89E590836FBC6BED2F81CDF0 /* Pods_PhotoSearch.framework in Frameworks */ = {isa = PBXBuildFile; fileRef = CEEB327BC8925364933E0F4B /* Pods_PhotoSearch.framework */; };
/* End PBXBuildFile section */

/* Begin PBXFileReference section */
		384959EF2847C584ACCB8F0F /* Pods-PhotoSearch.release.xcconfig */ = {isa = PBXFileReference; includeInIndex = 1; lastKnownFileType = text.xcconfig; name = "Pods-PhotoSearch.release.xcconfig"; path = "Target Support Files/Pods-PhotoSearch/Pods-PhotoSearch.release.xcconfig"; sourceTree = "<group>"; };
		431258A5266FACAC00D88AF3 /* PhotoSearch.app */ = {isa = PBXFileReference; explicitFileType = wrapper.application; includeInIndex = 0; path = PhotoSearch.app; sourceTree = BUILT_PRODUCTS_DIR; };
		431258A8266FACAC00D88AF3 /* AppDelegate.swift */ = {isa = PBXFileReference; lastKnownFileType = sourcecode.swift; path = AppDelegate.swift; sourceTree = "<group>"; };
		431258AA266FACAC00D88AF3 /* SceneDelegate.swift */ = {isa = PBXFileReference; lastKnownFileType = sourcecode.swift; path = SceneDelegate.swift; sourceTree = "<group>"; };
		431258AC266FACAC00D88AF3 /* SearchPhotoViewController.swift */ = {isa = PBXFileReference; lastKnownFileType = sourcecode.swift; path = SearchPhotoViewController.swift; sourceTree = "<group>"; };
		431258B1266FACB000D88AF3 /* Assets.xcassets */ = {isa = PBXFileReference; lastKnownFileType = folder.assetcatalog; path = Assets.xcassets; sourceTree = "<group>"; };
		431258B4266FACB000D88AF3 /* Base */ = {isa = PBXFileReference; lastKnownFileType = file.storyboard; name = Base; path = Base.lproj/LaunchScreen.storyboard; sourceTree = "<group>"; };
		431258B6266FACB000D88AF3 /* Info.plist */ = {isa = PBXFileReference; lastKnownFileType = text.plist.xml; path = Info.plist; sourceTree = "<group>"; };
		431258C1266FAF1200D88AF3 /* NetworkManager.swift */ = {isa = PBXFileReference; lastKnownFileType = sourcecode.swift; path = NetworkManager.swift; sourceTree = "<group>"; };
		431258C4266FAFB300D88AF3 /* Photo.swift */ = {isa = PBXFileReference; lastKnownFileType = sourcecode.swift; path = Photo.swift; sourceTree = "<group>"; };
		431258C8266FB03E00D88AF3 /* APIKey.swift */ = {isa = PBXFileReference; lastKnownFileType = sourcecode.swift; path = APIKey.swift; sourceTree = "<group>"; };
		431258CC266FB1CD00D88AF3 /* SearchPhotoPresenter.swift */ = {isa = PBXFileReference; lastKnownFileType = sourcecode.swift; path = SearchPhotoPresenter.swift; sourceTree = "<group>"; };
		439C30EE2674F11D000999BD /* RandomPhotoViewController.swift */ = {isa = PBXFileReference; lastKnownFileType = sourcecode.swift; path = RandomPhotoViewController.swift; sourceTree = "<group>"; };
		439C30F12674F374000999BD /* RandomPhotoPresenter.swift */ = {isa = PBXFileReference; lastKnownFileType = sourcecode.swift; path = RandomPhotoPresenter.swift; sourceTree = "<group>"; };
		43E82F7C2670B76700BA94A8 /* ImageCollectionViewCell.swift */ = {isa = PBXFileReference; lastKnownFileType = sourcecode.swift; path = ImageCollectionViewCell.swift; sourceTree = "<group>"; };
		43E82F802670BEE400BA94A8 /* CustomErrors.swift */ = {isa = PBXFileReference; lastKnownFileType = sourcecode.swift; path = CustomErrors.swift; sourceTree = "<group>"; };
		CDD4AFE89E0103E81ABA6B45 /* Pods-PhotoSearch.debug.xcconfig */ = {isa = PBXFileReference; includeInIndex = 1; lastKnownFileType = text.xcconfig; name = "Pods-PhotoSearch.debug.xcconfig"; path = "Target Support Files/Pods-PhotoSearch/Pods-PhotoSearch.debug.xcconfig"; sourceTree = "<group>"; };
		CEEB327BC8925364933E0F4B /* Pods_PhotoSearch.framework */ = {isa = PBXFileReference; explicitFileType = wrapper.framework; includeInIndex = 0; path = Pods_PhotoSearch.framework; sourceTree = BUILT_PRODUCTS_DIR; };
/* End PBXFileReference section */

/* Begin PBXFrameworksBuildPhase section */
		431258A2266FACAC00D88AF3 /* Frameworks */ = {
			isa = PBXFrameworksBuildPhase;
			buildActionMask = 2147483647;
			files = (
				89E590836FBC6BED2F81CDF0 /* Pods_PhotoSearch.framework in Frameworks */,
			);
			runOnlyForDeploymentPostprocessing = 0;
		};
/* End PBXFrameworksBuildPhase section */

/* Begin PBXGroup section */
		4312589C266FACAC00D88AF3 = {
			isa = PBXGroup;
			children = (
				431258A7266FACAC00D88AF3 /* PhotoSearch */,
				431258A6266FACAC00D88AF3 /* Products */,
				E46B7108E8EC5B0582A44BAB /* Pods */,
				DE3F52E4D9C3C597CB6D9D55 /* Frameworks */,
			);
			sourceTree = "<group>";
		};
		431258A6266FACAC00D88AF3 /* Products */ = {
			isa = PBXGroup;
			children = (
				431258A5266FACAC00D88AF3 /* PhotoSearch.app */,
			);
			name = Products;
			sourceTree = "<group>";
		};
		431258A7266FACAC00D88AF3 /* PhotoSearch */ = {
			isa = PBXGroup;
			children = (
				439C30E82674C8F3000999BD /* Entities */,
				43E82F7F2670BED600BA94A8 /* Helpers */,
				431258C7266FB02A00D88AF3 /* APIKey */,
				431258C0266FACF300D88AF3 /* ViewControllers */,
				431258BF266FACEC00D88AF3 /* Presenters */,
				431258BE266FACE100D88AF3 /* Model */,
				431258BD266FACDB00D88AF3 /* Views */,
				431258A8266FACAC00D88AF3 /* AppDelegate.swift */,
				431258AA266FACAC00D88AF3 /* SceneDelegate.swift */,
				431258B1266FACB000D88AF3 /* Assets.xcassets */,
				431258B3266FACB000D88AF3 /* LaunchScreen.storyboard */,
				431258B6266FACB000D88AF3 /* Info.plist */,
			);
			path = PhotoSearch;
			sourceTree = "<group>";
		};
		431258BD266FACDB00D88AF3 /* Views */ = {
			isa = PBXGroup;
			children = (
				43E82F7C2670B76700BA94A8 /* ImageCollectionViewCell.swift */,
			);
			path = Views;
			sourceTree = "<group>";
		};
		431258BE266FACE100D88AF3 /* Model */ = {
			isa = PBXGroup;
			children = (
				431258C1266FAF1200D88AF3 /* NetworkManager.swift */,
			);
			path = Model;
			sourceTree = "<group>";
		};
		431258BF266FACEC00D88AF3 /* Presenters */ = {
			isa = PBXGroup;
			children = (
				431258CC266FB1CD00D88AF3 /* SearchPhotoPresenter.swift */,
				439C30F12674F374000999BD /* RandomPhotoPresenter.swift */,
			);
			path = Presenters;
			sourceTree = "<group>";
		};
		431258C0266FACF300D88AF3 /* ViewControllers */ = {
			isa = PBXGroup;
			children = (
				431258AC266FACAC00D88AF3 /* SearchPhotoViewController.swift */,
				439C30EE2674F11D000999BD /* RandomPhotoViewController.swift */,
			);
			path = ViewControllers;
			sourceTree = "<group>";
		};
		431258C7266FB02A00D88AF3 /* APIKey */ = {
			isa = PBXGroup;
			children = (
				431258C8266FB03E00D88AF3 /* APIKey.swift */,
			);
			path = APIKey;
			sourceTree = "<group>";
		};
		439C30E82674C8F3000999BD /* Entities */ = {
			isa = PBXGroup;
			children = (
				431258C4266FAFB300D88AF3 /* Photo.swift */,
			);
			path = Entities;
			sourceTree = "<group>";
		};
		43E82F7F2670BED600BA94A8 /* Helpers */ = {
			isa = PBXGroup;
			children = (
				43E82F802670BEE400BA94A8 /* CustomErrors.swift */,
			);
			path = Helpers;
			sourceTree = "<group>";
		};
		DE3F52E4D9C3C597CB6D9D55 /* Frameworks */ = {
			isa = PBXGroup;
			children = (
				CEEB327BC8925364933E0F4B /* Pods_PhotoSearch.framework */,
			);
			name = Frameworks;
			sourceTree = "<group>";
		};
		E46B7108E8EC5B0582A44BAB /* Pods */ = {
			isa = PBXGroup;
			children = (
				CDD4AFE89E0103E81ABA6B45 /* Pods-PhotoSearch.debug.xcconfig */,
				384959EF2847C584ACCB8F0F /* Pods-PhotoSearch.release.xcconfig */,
			);
			path = Pods;
			sourceTree = "<group>";
		};
/* End PBXGroup section */

/* Begin PBXNativeTarget section */
		431258A4266FACAC00D88AF3 /* PhotoSearch */ = {
			isa = PBXNativeTarget;
			buildConfigurationList = 431258B9266FACB000D88AF3 /* Build configuration list for PBXNativeTarget "PhotoSearch" */;
			buildPhases = (
				C11ED3320A09BADA023A222A /* [CP] Check Pods Manifest.lock */,
				431258A1266FACAC00D88AF3 /* Sources */,
				431258A2266FACAC00D88AF3 /* Frameworks */,
				431258A3266FACAC00D88AF3 /* Resources */,
				6ACF1B202E6B025BD120BE29 /* [CP] Embed Pods Frameworks */,
			);
			buildRules = (
			);
			dependencies = (
			);
			name = PhotoSearch;
			productName = PhotoSearch;
			productReference = 431258A5266FACAC00D88AF3 /* PhotoSearch.app */;
			productType = "com.apple.product-type.application";
		};
/* End PBXNativeTarget section */

/* Begin PBXProject section */
		4312589D266FACAC00D88AF3 /* Project object */ = {
			isa = PBXProject;
			attributes = {
				LastSwiftUpdateCheck = 1200;
				LastUpgradeCheck = 1200;
				TargetAttributes = {
					431258A4266FACAC00D88AF3 = {
						CreatedOnToolsVersion = 12.0.1;
					};
				};
			};
			buildConfigurationList = 431258A0266FACAC00D88AF3 /* Build configuration list for PBXProject "PhotoSearch" */;
			compatibilityVersion = "Xcode 9.3";
			developmentRegion = en;
			hasScannedForEncodings = 0;
			knownRegions = (
				en,
				Base,
			);
			mainGroup = 4312589C266FACAC00D88AF3;
			productRefGroup = 431258A6266FACAC00D88AF3 /* Products */;
			projectDirPath = "";
			projectRoot = "";
			targets = (
				431258A4266FACAC00D88AF3 /* PhotoSearch */,
			);
		};
/* End PBXProject section */

/* Begin PBXResourcesBuildPhase section */
		431258A3266FACAC00D88AF3 /* Resources */ = {
			isa = PBXResourcesBuildPhase;
			buildActionMask = 2147483647;
			files = (
				431258B5266FACB000D88AF3 /* LaunchScreen.storyboard in Resources */,
				431258B2266FACB000D88AF3 /* Assets.xcassets in Resources */,
			);
			runOnlyForDeploymentPostprocessing = 0;
		};
/* End PBXResourcesBuildPhase section */

/* Begin PBXShellScriptBuildPhase section */
		6ACF1B202E6B025BD120BE29 /* [CP] Embed Pods Frameworks */ = {
			isa = PBXShellScriptBuildPhase;
			buildActionMask = 2147483647;
			files = (
			);
			inputFileListPaths = (
				"${PODS_ROOT}/Target Support Files/Pods-PhotoSearch/Pods-PhotoSearch-frameworks-${CONFIGURATION}-input-files.xcfilelist",
			);
			name = "[CP] Embed Pods Frameworks";
			outputFileListPaths = (
				"${PODS_ROOT}/Target Support Files/Pods-PhotoSearch/Pods-PhotoSearch-frameworks-${CONFIGURATION}-output-files.xcfilelist",
			);
			runOnlyForDeploymentPostprocessing = 0;
			shellPath = /bin/sh;
			shellScript = "\"${PODS_ROOT}/Target Support Files/Pods-PhotoSearch/Pods-PhotoSearch-frameworks.sh\"\n";
			showEnvVarsInLog = 0;
		};
		C11ED3320A09BADA023A222A /* [CP] Check Pods Manifest.lock */ = {
			isa = PBXShellScriptBuildPhase;
			buildActionMask = 2147483647;
			files = (
			);
			inputFileListPaths = (
			);
			inputPaths = (
				"${PODS_PODFILE_DIR_PATH}/Podfile.lock",
				"${PODS_ROOT}/Manifest.lock",
			);
			name = "[CP] Check Pods Manifest.lock";
			outputFileListPaths = (
			);
			outputPaths = (
				"$(DERIVED_FILE_DIR)/Pods-PhotoSearch-checkManifestLockResult.txt",
			);
			runOnlyForDeploymentPostprocessing = 0;
			shellPath = /bin/sh;
			shellScript = "diff \"${PODS_PODFILE_DIR_PATH}/Podfile.lock\" \"${PODS_ROOT}/Manifest.lock\" > /dev/null\nif [ $? != 0 ] ; then\n    # print error to STDERR\n    echo \"error: The sandbox is not in sync with the Podfile.lock. Run 'pod install' or update your CocoaPods installation.\" >&2\n    exit 1\nfi\n# This output is used by Xcode 'outputs' to avoid re-running this script phase.\necho \"SUCCESS\" > \"${SCRIPT_OUTPUT_FILE_0}\"\n";
			showEnvVarsInLog = 0;
		};
/* End PBXShellScriptBuildPhase section */

/* Begin PBXSourcesBuildPhase section */
		431258A1266FACAC00D88AF3 /* Sources */ = {
			isa = PBXSourcesBuildPhase;
			buildActionMask = 2147483647;
			files = (
				431258C2266FAF1200D88AF3 /* NetworkManager.swift in Sources */,
				43E82F812670BEE400BA94A8 /* CustomErrors.swift in Sources */,
				431258AD266FACAC00D88AF3 /* SearchPhotoViewController.swift in Sources */,
				43E82F7D2670B76700BA94A8 /* ImageCollectionViewCell.swift in Sources */,
				431258A9266FACAC00D88AF3 /* AppDelegate.swift in Sources */,
				431258AB266FACAC00D88AF3 /* SceneDelegate.swift in Sources */,
				439C30EF2674F11D000999BD /* RandomPhotoViewController.swift in Sources */,
				431258C9266FB03E00D88AF3 /* APIKey.swift in Sources */,
				431258CD266FB1CD00D88AF3 /* SearchPhotoPresenter.swift in Sources */,
				431258C5266FAFB300D88AF3 /* Photo.swift in Sources */,
				439C30F22674F374000999BD /* RandomPhotoPresenter.swift in Sources */,
			);
			runOnlyForDeploymentPostprocessing = 0;
		};
/* End PBXSourcesBuildPhase section */

/* Begin PBXVariantGroup section */
		431258B3266FACB000D88AF3 /* LaunchScreen.storyboard */ = {
			isa = PBXVariantGroup;
			children = (
				431258B4266FACB000D88AF3 /* Base */,
			);
			name = LaunchScreen.storyboard;
			sourceTree = "<group>";
		};
/* End PBXVariantGroup section */

/* Begin XCBuildConfiguration section */
		431258B7266FACB000D88AF3 /* Debug */ = {
			isa = XCBuildConfiguration;
			buildSettings = {
				ALWAYS_SEARCH_USER_PATHS = NO;
				CLANG_ANALYZER_NONNULL = YES;
				CLANG_ANALYZER_NUMBER_OBJECT_CONVERSION = YES_AGGRESSIVE;
				CLANG_CXX_LANGUAGE_STANDARD = "gnu++14";
				CLANG_CXX_LIBRARY = "libc++";
				CLANG_ENABLE_MODULES = YES;
				CLANG_ENABLE_OBJC_ARC = YES;
				CLANG_ENABLE_OBJC_WEAK = YES;
				CLANG_WARN_BLOCK_CAPTURE_AUTORELEASING = YES;
				CLANG_WARN_BOOL_CONVERSION = YES;
				CLANG_WARN_COMMA = YES;
				CLANG_WARN_CONSTANT_CONVERSION = YES;
				CLANG_WARN_DEPRECATED_OBJC_IMPLEMENTATIONS = YES;
				CLANG_WARN_DIRECT_OBJC_ISA_USAGE = YES_ERROR;
				CLANG_WARN_DOCUMENTATION_COMMENTS = YES;
				CLANG_WARN_EMPTY_BODY = YES;
				CLANG_WARN_ENUM_CONVERSION = YES;
				CLANG_WARN_INFINITE_RECURSION = YES;
				CLANG_WARN_INT_CONVERSION = YES;
				CLANG_WARN_NON_LITERAL_NULL_CONVERSION = YES;
				CLANG_WARN_OBJC_IMPLICIT_RETAIN_SELF = YES;
				CLANG_WARN_OBJC_LITERAL_CONVERSION = YES;
				CLANG_WARN_OBJC_ROOT_CLASS = YES_ERROR;
				CLANG_WARN_QUOTED_INCLUDE_IN_FRAMEWORK_HEADER = YES;
				CLANG_WARN_RANGE_LOOP_ANALYSIS = YES;
				CLANG_WARN_STRICT_PROTOTYPES = YES;
				CLANG_WARN_SUSPICIOUS_MOVE = YES;
				CLANG_WARN_UNGUARDED_AVAILABILITY = YES_AGGRESSIVE;
				CLANG_WARN_UNREACHABLE_CODE = YES;
				CLANG_WARN__DUPLICATE_METHOD_MATCH = YES;
				COPY_PHASE_STRIP = NO;
				DEBUG_INFORMATION_FORMAT = dwarf;
				ENABLE_STRICT_OBJC_MSGSEND = YES;
				ENABLE_TESTABILITY = YES;
				GCC_C_LANGUAGE_STANDARD = gnu11;
				GCC_DYNAMIC_NO_PIC = NO;
				GCC_NO_COMMON_BLOCKS = YES;
				GCC_OPTIMIZATION_LEVEL = 0;
				GCC_PREPROCESSOR_DEFINITIONS = (
					"DEBUG=1",
					"$(inherited)",
				);
				GCC_WARN_64_TO_32_BIT_CONVERSION = YES;
				GCC_WARN_ABOUT_RETURN_TYPE = YES_ERROR;
				GCC_WARN_UNDECLARED_SELECTOR = YES;
				GCC_WARN_UNINITIALIZED_AUTOS = YES_AGGRESSIVE;
				GCC_WARN_UNUSED_FUNCTION = YES;
				GCC_WARN_UNUSED_VARIABLE = YES;
				IPHONEOS_DEPLOYMENT_TARGET = 14.0;
				MTL_ENABLE_DEBUG_INFO = INCLUDE_SOURCE;
				MTL_FAST_MATH = YES;
				ONLY_ACTIVE_ARCH = YES;
				SDKROOT = iphoneos;
				SWIFT_ACTIVE_COMPILATION_CONDITIONS = DEBUG;
				SWIFT_OPTIMIZATION_LEVEL = "-Onone";
			};
			name = Debug;
		};
		431258B8266FACB000D88AF3 /* Release */ = {
			isa = XCBuildConfiguration;
			buildSettings = {
				ALWAYS_SEARCH_USER_PATHS = NO;
				CLANG_ANALYZER_NONNULL = YES;
				CLANG_ANALYZER_NUMBER_OBJECT_CONVERSION = YES_AGGRESSIVE;
				CLANG_CXX_LANGUAGE_STANDARD = "gnu++14";
				CLANG_CXX_LIBRARY = "libc++";
				CLANG_ENABLE_MODULES = YES;
				CLANG_ENABLE_OBJC_ARC = YES;
				CLANG_ENABLE_OBJC_WEAK = YES;
				CLANG_WARN_BLOCK_CAPTURE_AUTORELEASING = YES;
				CLANG_WARN_BOOL_CONVERSION = YES;
				CLANG_WARN_COMMA = YES;
				CLANG_WARN_CONSTANT_CONVERSION = YES;
				CLANG_WARN_DEPRECATED_OBJC_IMPLEMENTATIONS = YES;
				CLANG_WARN_DIRECT_OBJC_ISA_USAGE = YES_ERROR;
				CLANG_WARN_DOCUMENTATION_COMMENTS = YES;
				CLANG_WARN_EMPTY_BODY = YES;
				CLANG_WARN_ENUM_CONVERSION = YES;
				CLANG_WARN_INFINITE_RECURSION = YES;
				CLANG_WARN_INT_CONVERSION = YES;
				CLANG_WARN_NON_LITERAL_NULL_CONVERSION = YES;
				CLANG_WARN_OBJC_IMPLICIT_RETAIN_SELF = YES;
				CLANG_WARN_OBJC_LITERAL_CONVERSION = YES;
				CLANG_WARN_OBJC_ROOT_CLASS = YES_ERROR;
				CLANG_WARN_QUOTED_INCLUDE_IN_FRAMEWORK_HEADER = YES;
				CLANG_WARN_RANGE_LOOP_ANALYSIS = YES;
				CLANG_WARN_STRICT_PROTOTYPES = YES;
				CLANG_WARN_SUSPICIOUS_MOVE = YES;
				CLANG_WARN_UNGUARDED_AVAILABILITY = YES_AGGRESSIVE;
				CLANG_WARN_UNREACHABLE_CODE = YES;
				CLANG_WARN__DUPLICATE_METHOD_MATCH = YES;
				COPY_PHASE_STRIP = NO;
				DEBUG_INFORMATION_FORMAT = "dwarf-with-dsym";
				ENABLE_NS_ASSERTIONS = NO;
				ENABLE_STRICT_OBJC_MSGSEND = YES;
				GCC_C_LANGUAGE_STANDARD = gnu11;
				GCC_NO_COMMON_BLOCKS = YES;
				GCC_WARN_64_TO_32_BIT_CONVERSION = YES;
				GCC_WARN_ABOUT_RETURN_TYPE = YES_ERROR;
				GCC_WARN_UNDECLARED_SELECTOR = YES;
				GCC_WARN_UNINITIALIZED_AUTOS = YES_AGGRESSIVE;
				GCC_WARN_UNUSED_FUNCTION = YES;
				GCC_WARN_UNUSED_VARIABLE = YES;
				IPHONEOS_DEPLOYMENT_TARGET = 14.0;
				MTL_ENABLE_DEBUG_INFO = NO;
				MTL_FAST_MATH = YES;
				SDKROOT = iphoneos;
				SWIFT_COMPILATION_MODE = wholemodule;
				SWIFT_OPTIMIZATION_LEVEL = "-O";
				VALIDATE_PRODUCT = YES;
			};
			name = Release;
		};
		431258BA266FACB000D88AF3 /* Debug */ = {
			isa = XCBuildConfiguration;
			baseConfigurationReference = CDD4AFE89E0103E81ABA6B45 /* Pods-PhotoSearch.debug.xcconfig */;
			buildSettings = {
				ASSETCATALOG_COMPILER_APPICON_NAME = AppIcon;
				ASSETCATALOG_COMPILER_GLOBAL_ACCENT_COLOR_NAME = AccentColor;
				CODE_SIGN_STYLE = Automatic;
				DEVELOPMENT_TEAM = 2VCQ3FF898;
				INFOPLIST_FILE = PhotoSearch/Info.plist;
				IPHONEOS_DEPLOYMENT_TARGET = 13.1;
				LD_RUNPATH_SEARCH_PATHS = (
					"$(inherited)",
					"@executable_path/Frameworks",
				);
				PRODUCT_BUNDLE_IDENTIFIER = com.DaryaTatarinova.PhotoSearch;
				PRODUCT_NAME = "$(TARGET_NAME)";
				SWIFT_VERSION = 5.0;
				TARGETED_DEVICE_FAMILY = "1,2";
			};
			name = Debug;
		};
		431258BB266FACB000D88AF3 /* Release */ = {
			isa = XCBuildConfiguration;
			baseConfigurationReference = 384959EF2847C584ACCB8F0F /* Pods-PhotoSearch.release.xcconfig */;
			buildSettings = {
				ASSETCATALOG_COMPILER_APPICON_NAME = AppIcon;
				ASSETCATALOG_COMPILER_GLOBAL_ACCENT_COLOR_NAME = AccentColor;
				CODE_SIGN_STYLE = Automatic;
				DEVELOPMENT_TEAM = 2VCQ3FF898;
				INFOPLIST_FILE = PhotoSearch/Info.plist;
				IPHONEOS_DEPLOYMENT_TARGET = 13.1;
				LD_RUNPATH_SEARCH_PATHS = (
					"$(inherited)",
					"@executable_path/Frameworks",
				);
				PRODUCT_BUNDLE_IDENTIFIER = com.DaryaTatarinova.PhotoSearch;
				PRODUCT_NAME = "$(TARGET_NAME)";
				SWIFT_VERSION = 5.0;
				TARGETED_DEVICE_FAMILY = "1,2";
			};
			name = Release;
		};
/* End XCBuildConfiguration section */

/* Begin XCConfigurationList section */
		431258A0266FACAC00D88AF3 /* Build configuration list for PBXProject "PhotoSearch" */ = {
			isa = XCConfigurationList;
			buildConfigurations = (
				431258B7266FACB000D88AF3 /* Debug */,
				431258B8266FACB000D88AF3 /* Release */,
			);
			defaultConfigurationIsVisible = 0;
			defaultConfigurationName = Release;
		};
		431258B9266FACB000D88AF3 /* Build configuration list for PBXNativeTarget "PhotoSearch" */ = {
			isa = XCConfigurationList;
			buildConfigurations = (
				431258BA266FACB000D88AF3 /* Debug */,
				431258BB266FACB000D88AF3 /* Release */,
			);
			defaultConfigurationIsVisible = 0;
			defaultConfigurationName = Release;
		};
/* End XCConfigurationList section */
	};
	rootObject = 4312589D266FACAC00D88AF3 /* Project object */;
}
